
Microsoft Visual Studio Solution File, Format Version 12.00
# Visual Studio 15
VisualStudioVersion = 15.0.28307.705
MinimumVisualStudioVersion = 10.0.40219.1
Project("{FAE04EC0-301F-11D3-BF4B-00C04F79EFBC}") = "FunctionApp2", "FunctionApp2\FunctionApp2.csproj", "{21BF2A96-CF92-4CF5-92E1-B7B0175CFC81}"
EndProject
Project("{9A19103F-16F7-4668-BE54-9A1E7A4F7556}") = "just.For.practice", "just.for.practice\just.For.practice.csproj", "{FA2CC356-351E-4EE1-8515-3CB070166F8B}"
EndProject
Project("{FAE04EC0-301F-11D3-BF4B-00C04F79EFBC}") = "MVCSolutionjustforlearn", "MVCSolutionjustforlearn\MVCSolutionjustforlearn.csproj", "{65FCD6FE-97FF-4FFA-810A-6D95B74213CE}"
EndProject
Global
	GlobalSection(SolutionConfigurationPlatforms) = preSolution
		Debug|Any CPU = Debug|Any CPU
		Release|Any CPU = Release|Any CPU
	EndGlobalSection
	GlobalSection(ProjectConfigurationPlatforms) = postSolution
		{21BF2A96-CF92-4CF5-92E1-B7B0175CFC81}.Debug|Any CPU.ActiveCfg = Debug|Any CPU
		{21BF2A96-CF92-4CF5-92E1-B7B0175CFC81}.Debug|Any CPU.Build.0 = Debug|Any CPU
		{21BF2A96-CF92-4CF5-92E1-B7B0175CFC81}.Release|Any CPU.ActiveCfg = Release|Any CPU
		{21BF2A96-CF92-4CF5-92E1-B7B0175CFC81}.Release|Any CPU.Build.0 = Release|Any CPU
		{FA2CC356-351E-4EE1-8515-3CB070166F8B}.Debug|Any CPU.ActiveCfg = Debug|Any CPU
		{FA2CC356-351E-4EE1-8515-3CB070166F8B}.Debug|Any CPU.Build.0 = Debug|Any CPU
		{FA2CC356-351E-4EE1-8515-3CB070166F8B}.Release|Any CPU.ActiveCfg = Release|Any CPU
		{FA2CC356-351E-4EE1-8515-3CB070166F8B}.Release|Any CPU.Build.0 = Release|Any CPU
		{65FCD6FE-97FF-4FFA-810A-6D95B74213CE}.Debug|Any CPU.ActiveCfg = Debug|Any CPU
		{65FCD6FE-97FF-4FFA-810A-6D95B74213CE}.Debug|Any CPU.Build.0 = Debug|Any CPU
		{65FCD6FE-97FF-4FFA-810A-6D95B74213CE}.Release|Any CPU.ActiveCfg = Release|Any CPU
		{65FCD6FE-97FF-4FFA-810A-6D95B74213CE}.Release|Any CPU.Build.0 = Release|Any CPU
	EndGlobalSection
	GlobalSection(SolutionProperties) = preSolution
		HideSolutionNode = FALSE
	EndGlobalSection
	GlobalSection(ExtensibilityGlobals) = postSolution
		SolutionGuid = {7A89EA51-32D3-41E3-ADAA-AFB162840476}
	EndGlobalSection
EndGlobal
